// !$*UTF8*$!
{
	archiveVersion = 1;
	classes = {
	};
	objectVersion = 48;
	objects = {

/* Begin PBXBuildFile section */
		4D07BE07204105B90080C2C3 /* BBAudioCapture.m in Sources */ = {isa = PBXBuildFile; fileRef = 4D07BE06204105B90080C2C3 /* BBAudioCapture.m */; };
		4D07BE0B2041091E0080C2C3 /* BBAudioConfig.m in Sources */ = {isa = PBXBuildFile; fileRef = 4D07BE0A2041091E0080C2C3 /* BBAudioConfig.m */; };
		4D07BE0F2041157C0080C2C3 /* BBAudioHardEncoder.m in Sources */ = {isa = PBXBuildFile; fileRef = 4D07BE0E2041157C0080C2C3 /* BBAudioHardEncoder.m */; };
		4D094E5320401C0F005BB9D0 /* AppDelegate.m in Sources */ = {isa = PBXBuildFile; fileRef = 4D094E5220401C0F005BB9D0 /* AppDelegate.m */; };
		4D094E5620401C0F005BB9D0 /* ViewController.m in Sources */ = {isa = PBXBuildFile; fileRef = 4D094E5520401C0F005BB9D0 /* ViewController.m */; };
		4D094E5920401C0F005BB9D0 /* Main.storyboard in Resources */ = {isa = PBXBuildFile; fileRef = 4D094E5720401C0F005BB9D0 /* Main.storyboard */; };
		4D094E5B20401C0F005BB9D0 /* Assets.xcassets in Resources */ = {isa = PBXBuildFile; fileRef = 4D094E5A20401C0F005BB9D0 /* Assets.xcassets */; };
		4D094E5E20401C0F005BB9D0 /* LaunchScreen.storyboard in Resources */ = {isa = PBXBuildFile; fileRef = 4D094E5C20401C0F005BB9D0 /* LaunchScreen.storyboard */; };
		4D094E6120401C0F005BB9D0 /* main.m in Sources */ = {isa = PBXBuildFile; fileRef = 4D094E6020401C0F005BB9D0 /* main.m */; };
		4D094E6B20401C0F005BB9D0 /* PCMHardEncodeToAACTests.m in Sources */ = {isa = PBXBuildFile; fileRef = 4D094E6A20401C0F005BB9D0 /* PCMHardEncodeToAACTests.m */; };
		4D094E7620401C0F005BB9D0 /* PCMHardEncodeToAACUITests.m in Sources */ = {isa = PBXBuildFile; fileRef = 4D094E7520401C0F005BB9D0 /* PCMHardEncodeToAACUITests.m */; };
/* End PBXBuildFile section */

/* Begin PBXContainerItemProxy section */
		4D094E6720401C0F005BB9D0 /* PBXContainerItemProxy */ = {
			isa = PBXContainerItemProxy;
			containerPortal = 4D094E4620401C0F005BB9D0 /* Project object */;
			proxyType = 1;
			remoteGlobalIDString = 4D094E4D20401C0F005BB9D0;
			remoteInfo = PCMHardEncodeToAAC;
		};
		4D094E7220401C0F005BB9D0 /* PBXContainerItemProxy */ = {
			isa = PBXContainerItemProxy;
			containerPortal = 4D094E4620401C0F005BB9D0 /* Project object */;
			proxyType = 1;
			remoteGlobalIDString = 4D094E4D20401C0F005BB9D0;
			remoteInfo = PCMHardEncodeToAAC;
		};
/* End PBXContainerItemProxy section */

/* Begin PBXFileReference section */
		4D07BE05204105B90080C2C3 /* BBAudioCapture.h */ = {isa = PBXFileReference; lastKnownFileType = sourcecode.c.h; path = BBAudioCapture.h; sourceTree = "<group>"; };
		4D07BE06204105B90080C2C3 /* BBAudioCapture.m */ = {isa = PBXFileReference; lastKnownFileType = sourcecode.c.objc; path = BBAudioCapture.m; sourceTree = "<group>"; };
		4D07BE092041091E0080C2C3 /* BBAudioConfig.h */ = {isa = PBXFileReference; lastKnownFileType = sourcecode.c.h; path = BBAudioConfig.h; sourceTree = "<group>"; };
		4D07BE0A2041091E0080C2C3 /* BBAudioConfig.m */ = {isa = PBXFileReference; lastKnownFileType = sourcecode.c.objc; path = BBAudioConfig.m; sourceTree = "<group>"; };
		4D07BE0D2041157C0080C2C3 /* BBAudioHardEncoder.h */ = {isa = PBXFileReference; lastKnownFileType = sourcecode.c.h; path = BBAudioHardEncoder.h; sourceTree = "<group>"; };
		4D07BE0E2041157C0080C2C3 /* BBAudioHardEncoder.m */ = {isa = PBXFileReference; lastKnownFileType = sourcecode.c.objc; path = BBAudioHardEncoder.m; sourceTree = "<group>"; };
		4D094E4E20401C0F005BB9D0 /* PCMHardEncodeToAAC.app */ = {isa = PBXFileReference; explicitFileType = wrapper.application; includeInIndex = 0; path = PCMHardEncodeToAAC.app; sourceTree = BUILT_PRODUCTS_DIR; };
		4D094E5120401C0F005BB9D0 /* AppDelegate.h */ = {isa = PBXFileReference; lastKnownFileType = sourcecode.c.h; path = AppDelegate.h; sourceTree = "<group>"; };
		4D094E5220401C0F005BB9D0 /* AppDelegate.m */ = {isa = PBXFileReference; lastKnownFileType = sourcecode.c.objc; path = AppDelegate.m; sourceTree = "<group>"; };
		4D094E5420401C0F005BB9D0 /* ViewController.h */ = {isa = PBXFileReference; lastKnownFileType = sourcecode.c.h; path = ViewController.h; sourceTree = "<group>"; };
		4D094E5520401C0F005BB9D0 /* ViewController.m */ = {isa = PBXFileReference; lastKnownFileType = sourcecode.c.objc; path = ViewController.m; sourceTree = "<group>"; };
		4D094E5820401C0F005BB9D0 /* Base */ = {isa = PBXFileReference; lastKnownFileType = file.storyboard; name = Base; path = Base.lproj/Main.storyboard; sourceTree = "<group>"; };
		4D094E5A20401C0F005BB9D0 /* Assets.xcassets */ = {isa = PBXFileReference; lastKnownFileType = folder.assetcatalog; path = Assets.xcassets; sourceTree = "<group>"; };
		4D094E5D20401C0F005BB9D0 /* Base */ = {isa = PBXFileReference; lastKnownFileType = file.storyboard; name = Base; path = Base.lproj/LaunchScreen.storyboard; sourceTree = "<group>"; };
		4D094E5F20401C0F005BB9D0 /* Info.plist */ = {isa = PBXFileReference; lastKnownFileType = text.plist.xml; path = Info.plist; sourceTree = "<group>"; };
		4D094E6020401C0F005BB9D0 /* main.m */ = {isa = PBXFileReference; lastKnownFileType = sourcecode.c.objc; path = main.m; sourceTree = "<group>"; };
		4D094E6620401C0F005BB9D0 /* PCMHardEncodeToAACTests.xctest */ = {isa = PBXFileReference; explicitFileType = wrapper.cfbundle; includeInIndex = 0; path = PCMHardEncodeToAACTests.xctest; sourceTree = BUILT_PRODUCTS_DIR; };
		4D094E6A20401C0F005BB9D0 /* PCMHardEncodeToAACTests.m */ = {isa = PBXFileReference; lastKnownFileType = sourcecode.c.objc; path = PCMHardEncodeToAACTests.m; sourceTree = "<group>"; };
		4D094E6C20401C0F005BB9D0 /* Info.plist */ = {isa = PBXFileReference; lastKnownFileType = text.plist.xml; path = Info.plist; sourceTree = "<group>"; };
		4D094E7120401C0F005BB9D0 /* PCMHardEncodeToAACUITests.xctest */ = {isa = PBXFileReference; explicitFileType = wrapper.cfbundle; includeInIndex = 0; path = PCMHardEncodeToAACUITests.xctest; sourceTree = BUILT_PRODUCTS_DIR; };
		4D094E7520401C0F005BB9D0 /* PCMHardEncodeToAACUITests.m */ = {isa = PBXFileReference; lastKnownFileType = sourcecode.c.objc; path = PCMHardEncodeToAACUITests.m; sourceTree = "<group>"; };
		4D094E7720401C0F005BB9D0 /* Info.plist */ = {isa = PBXFileReference; lastKnownFileType = text.plist.xml; path = Info.plist; sourceTree = "<group>"; };
/* End PBXFileReference section */

/* Begin PBXFrameworksBuildPhase section */
		4D094E4B20401C0F005BB9D0 /* Frameworks */ = {
			isa = PBXFrameworksBuildPhase;
			buildActionMask = 2147483647;
			files = (
			);
			runOnlyForDeploymentPostprocessing = 0;
		};
		4D094E6320401C0F005BB9D0 /* Frameworks */ = {
			isa = PBXFrameworksBuildPhase;
			buildActionMask = 2147483647;
			files = (
			);
			runOnlyForDeploymentPostprocessing = 0;
		};
		4D094E6E20401C0F005BB9D0 /* Frameworks */ = {
			isa = PBXFrameworksBuildPhase;
			buildActionMask = 2147483647;
			files = (
			);
			runOnlyForDeploymentPostprocessing = 0;
		};
/* End PBXFrameworksBuildPhase section */

/* Begin PBXGroup section */
		4D07BE042041059A0080C2C3 /* Capture */ = {
			isa = PBXGroup;
			children = (
				4D07BE05204105B90080C2C3 /* BBAudioCapture.h */,
				4D07BE06204105B90080C2C3 /* BBAudioCapture.m */,
			);
			path = Capture;
			sourceTree = "<group>";
		};
		4D07BE08204109070080C2C3 /* Config */ = {
			isa = PBXGroup;
			children = (
				4D07BE092041091E0080C2C3 /* BBAudioConfig.h */,
				4D07BE0A2041091E0080C2C3 /* BBAudioConfig.m */,
			);
			path = Config;
			sourceTree = "<group>";
		};
		4D07BE0C204115440080C2C3 /* Encoder */ = {
			isa = PBXGroup;
			children = (
				4D07BE0D2041157C0080C2C3 /* BBAudioHardEncoder.h */,
				4D07BE0E2041157C0080C2C3 /* BBAudioHardEncoder.m */,
			);
			path = Encoder;
			sourceTree = "<group>";
		};
		4D094E4520401C0F005BB9D0 = {
			isa = PBXGroup;
			children = (
				4D094E5020401C0F005BB9D0 /* PCMHardEncodeToAAC */,
				4D094E6920401C0F005BB9D0 /* PCMHardEncodeToAACTests */,
				4D094E7420401C0F005BB9D0 /* PCMHardEncodeToAACUITests */,
				4D094E4F20401C0F005BB9D0 /* Products */,
			);
			sourceTree = "<group>";
		};
		4D094E4F20401C0F005BB9D0 /* Products */ = {
			isa = PBXGroup;
			children = (
				4D094E4E20401C0F005BB9D0 /* PCMHardEncodeToAAC.app */,
				4D094E6620401C0F005BB9D0 /* PCMHardEncodeToAACTests.xctest */,
				4D094E7120401C0F005BB9D0 /* PCMHardEncodeToAACUITests.xctest */,
			);
			name = Products;
			sourceTree = "<group>";
		};
		4D094E5020401C0F005BB9D0 /* PCMHardEncodeToAAC */ = {
			isa = PBXGroup;
			children = (
				4D07BE0C204115440080C2C3 /* Encoder */,
				4D07BE08204109070080C2C3 /* Config */,
				4D07BE042041059A0080C2C3 /* Capture */,
				4D094E5120401C0F005BB9D0 /* AppDelegate.h */,
				4D094E5220401C0F005BB9D0 /* AppDelegate.m */,
				4D094E5420401C0F005BB9D0 /* ViewController.h */,
				4D094E5520401C0F005BB9D0 /* ViewController.m */,
				4D094E5720401C0F005BB9D0 /* Main.storyboard */,
				4D094E5A20401C0F005BB9D0 /* Assets.xcassets */,
				4D094E5C20401C0F005BB9D0 /* LaunchScreen.storyboard */,
				4D094E5F20401C0F005BB9D0 /* Info.plist */,
				4D094E6020401C0F005BB9D0 /* main.m */,
			);
			path = PCMHardEncodeToAAC;
			sourceTree = "<group>";
		};
		4D094E6920401C0F005BB9D0 /* PCMHardEncodeToAACTests */ = {
			isa = PBXGroup;
			children = (
				4D094E6A20401C0F005BB9D0 /* PCMHardEncodeToAACTests.m */,
				4D094E6C20401C0F005BB9D0 /* Info.plist */,
			);
			path = PCMHardEncodeToAACTests;
			sourceTree = "<group>";
		};
		4D094E7420401C0F005BB9D0 /* PCMHardEncodeToAACUITests */ = {
			isa = PBXGroup;
			children = (
				4D094E7520401C0F005BB9D0 /* PCMHardEncodeToAACUITests.m */,
				4D094E7720401C0F005BB9D0 /* Info.plist */,
			);
			path = PCMHardEncodeToAACUITests;
			sourceTree = "<group>";
		};
/* End PBXGroup section */

/* Begin PBXNativeTarget section */
		4D094E4D20401C0F005BB9D0 /* PCMHardEncodeToAAC */ = {
			isa = PBXNativeTarget;
			buildConfigurationList = 4D094E7A20401C0F005BB9D0 /* Build configuration list for PBXNativeTarget "PCMHardEncodeToAAC" */;
			buildPhases = (
				4D094E4A20401C0F005BB9D0 /* Sources */,
				4D094E4B20401C0F005BB9D0 /* Frameworks */,
				4D094E4C20401C0F005BB9D0 /* Resources */,
			);
			buildRules = (
			);
			dependencies = (
			);
			name = PCMHardEncodeToAAC;
			productName = PCMHardEncodeToAAC;
			productReference = 4D094E4E20401C0F005BB9D0 /* PCMHardEncodeToAAC.app */;
			productType = "com.apple.product-type.application";
		};
		4D094E6520401C0F005BB9D0 /* PCMHardEncodeToAACTests */ = {
			isa = PBXNativeTarget;
			buildConfigurationList = 4D094E7D20401C0F005BB9D0 /* Build configuration list for PBXNativeTarget "PCMHardEncodeToAACTests" */;
			buildPhases = (
				4D094E6220401C0F005BB9D0 /* Sources */,
				4D094E6320401C0F005BB9D0 /* Frameworks */,
				4D094E6420401C0F005BB9D0 /* Resources */,
			);
			buildRules = (
			);
			dependencies = (
				4D094E6820401C0F005BB9D0 /* PBXTargetDependency */,
			);
			name = PCMHardEncodeToAACTests;
			productName = PCMHardEncodeToAACTests;
			productReference = 4D094E6620401C0F005BB9D0 /* PCMHardEncodeToAACTests.xctest */;
			productType = "com.apple.product-type.bundle.unit-test";
		};
		4D094E7020401C0F005BB9D0 /* PCMHardEncodeToAACUITests */ = {
			isa = PBXNativeTarget;
			buildConfigurationList = 4D094E8020401C0F005BB9D0 /* Build configuration list for PBXNativeTarget "PCMHardEncodeToAACUITests" */;
			buildPhases = (
				4D094E6D20401C0F005BB9D0 /* Sources */,
				4D094E6E20401C0F005BB9D0 /* Frameworks */,
				4D094E6F20401C0F005BB9D0 /* Resources */,
			);
			buildRules = (
			);
			dependencies = (
				4D094E7320401C0F005BB9D0 /* PBXTargetDependency */,
			);
			name = PCMHardEncodeToAACUITests;
			productName = PCMHardEncodeToAACUITests;
			productReference = 4D094E7120401C0F005BB9D0 /* PCMHardEncodeToAACUITests.xctest */;
			productType = "com.apple.product-type.bundle.ui-testing";
		};
/* End PBXNativeTarget section */

/* Begin PBXProject section */
		4D094E4620401C0F005BB9D0 /* Project object */ = {
			isa = PBXProject;
			attributes = {
				LastUpgradeCheck = 0900;
				ORGANIZATIONNAME = ibabyblue;
				TargetAttributes = {
					4D094E4D20401C0F005BB9D0 = {
						CreatedOnToolsVersion = 9.0.1;
						ProvisioningStyle = Automatic;
					};
					4D094E6520401C0F005BB9D0 = {
						CreatedOnToolsVersion = 9.0.1;
						ProvisioningStyle = Automatic;
						TestTargetID = 4D094E4D20401C0F005BB9D0;
					};
					4D094E7020401C0F005BB9D0 = {
						CreatedOnToolsVersion = 9.0.1;
						ProvisioningStyle = Automatic;
						TestTargetID = 4D094E4D20401C0F005BB9D0;
					};
				};
			};
			buildConfigurationList = 4D094E4920401C0F005BB9D0 /* Build configuration list for PBXProject "PCMHardEncodeToAAC" */;
			compatibilityVersion = "Xcode 8.0";
			developmentRegion = en;
			hasScannedForEncodings = 0;
			knownRegions = (
				en,
				Base,
			);
			mainGroup = 4D094E4520401C0F005BB9D0;
			productRefGroup = 4D094E4F20401C0F005BB9D0 /* Products */;
			projectDirPath = "";
			projectRoot = "";
			targets = (
				4D094E4D20401C0F005BB9D0 /* PCMHardEncodeToAAC */,
				4D094E6520401C0F005BB9D0 /* PCMHardEncodeToAACTests */,
				4D094E7020401C0F005BB9D0 /* PCMHardEncodeToAACUITests */,
			);
		};
/* End PBXProject section */

/* Begin PBXResourcesBuildPhase section */
		4D094E4C20401C0F005BB9D0 /* Resources */ = {
			isa = PBXResourcesBuildPhase;
			buildActionMask = 2147483647;
			files = (
				4D094E5E20401C0F005BB9D0 /* LaunchScreen.storyboard in Resources */,
				4D094E5B20401C0F005BB9D0 /* Assets.xcassets in Resources */,
				4D094E5920401C0F005BB9D0 /* Main.storyboard in Resources */,
			);
			runOnlyForDeploymentPostprocessing = 0;
		};
		4D094E6420401C0F005BB9D0 /* Resources */ = {
			isa = PBXResourcesBuildPhase;
			buildActionMask = 2147483647;
			files = (
			);
			runOnlyForDeploymentPostprocessing = 0;
		};
		4D094E6F20401C0F005BB9D0 /* Resources */ = {
			isa = PBXResourcesBuildPhase;
			buildActionMask = 2147483647;
			files = (
			);
			runOnlyForDeploymentPostprocessing = 0;
		};
/* End PBXResourcesBuildPhase section */

/* Begin PBXSourcesBuildPhase section */
		4D094E4A20401C0F005BB9D0 /* Sources */ = {
			isa = PBXSourcesBuildPhase;
			buildActionMask = 2147483647;
			files = (
				4D07BE0F2041157C0080C2C3 /* BBAudioHardEncoder.m in Sources */,
				4D094E5620401C0F005BB9D0 /* ViewController.m in Sources */,
				4D07BE0B2041091E0080C2C3 /* BBAudioConfig.m in Sources */,
				4D07BE07204105B90080C2C3 /* BBAudioCapture.m in Sources */,
				4D094E6120401C0F005BB9D0 /* main.m in Sources */,
				4D094E5320401C0F005BB9D0 /* AppDelegate.m in Sources */,
			);
			runOnlyForDeploymentPostprocessing = 0;
		};
		4D094E6220401C0F005BB9D0 /* Sources */ = {
			isa = PBXSourcesBuildPhase;
			buildActionMask = 2147483647;
			files = (
				4D094E6B20401C0F005BB9D0 /* PCMHardEncodeToAACTests.m in Sources */,
			);
			runOnlyForDeploymentPostprocessing = 0;
		};
		4D094E6D20401C0F005BB9D0 /* Sources */ = {
			isa = PBXSourcesBuildPhase;
			buildActionMask = 2147483647;
			files = (
				4D094E7620401C0F005BB9D0 /* PCMHardEncodeToAACUITests.m in Sources */,
			);
			runOnlyForDeploymentPostprocessing = 0;
		};
/* End PBXSourcesBuildPhase section */

/* Begin PBXTargetDependency section */
		4D094E6820401C0F005BB9D0 /* PBXTargetDependency */ = {
			isa = PBXTargetDependency;
			target = 4D094E4D20401C0F005BB9D0 /* PCMHardEncodeToAAC */;
			targetProxy = 4D094E6720401C0F005BB9D0 /* PBXContainerItemProxy */;
		};
		4D094E7320401C0F005BB9D0 /* PBXTargetDependency */ = {
			isa = PBXTargetDependency;
			target = 4D094E4D20401C0F005BB9D0 /* PCMHardEncodeToAAC */;
			targetProxy = 4D094E7220401C0F005BB9D0 /* PBXContainerItemProxy */;
		};
/* End PBXTargetDependency section */

/* Begin PBXVariantGroup section */
		4D094E5720401C0F005BB9D0 /* Main.storyboard */ = {
			isa = PBXVariantGroup;
			children = (
				4D094E5820401C0F005BB9D0 /* Base */,
			);
			name = Main.storyboard;
			sourceTree = "<group>";
		};
		4D094E5C20401C0F005BB9D0 /* LaunchScreen.storyboard */ = {
			isa = PBXVariantGroup;
			children = (
				4D094E5D20401C0F005BB9D0 /* Base */,
			);
			name = LaunchScreen.storyboard;
			sourceTree = "<group>";
		};
/* End PBXVariantGroup section */

/* Begin XCBuildConfiguration section */
		4D094E7820401C0F005BB9D0 /* Debug */ = {
			isa = XCBuildConfiguration;
			buildSettings = {
				ALWAYS_SEARCH_USER_PATHS = NO;
				CLANG_ANALYZER_NONNULL = YES;
				CLANG_ANALYZER_NUMBER_OBJECT_CONVERSION = YES_AGGRESSIVE;
				CLANG_CXX_LANGUAGE_STANDARD = "gnu++14";
				CLANG_CXX_LIBRARY = "libc++";
				CLANG_ENABLE_MODULES = YES;
				CLANG_ENABLE_OBJC_ARC = YES;
				CLANG_WARN_BLOCK_CAPTURE_AUTORELEASING = YES;
				CLANG_WARN_BOOL_CONVERSION = YES;
				CLANG_WARN_COMMA = YES;
				CLANG_WARN_CONSTANT_CONVERSION = YES;
				CLANG_WARN_DIRECT_OBJC_ISA_USAGE = YES_ERROR;
				CLANG_WARN_DOCUMENTATION_COMMENTS = YES;
				CLANG_WARN_EMPTY_BODY = YES;
				CLANG_WARN_ENUM_CONVERSION = YES;
				CLANG_WARN_INFINITE_RECURSION = YES;
				CLANG_WARN_INT_CONVERSION = YES;
				CLANG_WARN_NON_LITERAL_NULL_CONVERSION = YES;
				CLANG_WARN_OBJC_LITERAL_CONVERSION = YES;
				CLANG_WARN_OBJC_ROOT_CLASS = YES_ERROR;
				CLANG_WARN_RANGE_LOOP_ANALYSIS = YES;
				CLANG_WARN_STRICT_PROTOTYPES = YES;
				CLANG_WARN_SUSPICIOUS_MOVE = YES;
				CLANG_WARN_UNGUARDED_AVAILABILITY = YES_AGGRESSIVE;
				CLANG_WARN_UNREACHABLE_CODE = YES;
				CLANG_WARN__DUPLICATE_METHOD_MATCH = YES;
				CODE_SIGN_IDENTITY = "iPhone Developer";
				COPY_PHASE_STRIP = NO;
				DEBUG_INFORMATION_FORMAT = dwarf;
				ENABLE_STRICT_OBJC_MSGSEND = YES;
				ENABLE_TESTABILITY = YES;
				GCC_C_LANGUAGE_STANDARD = gnu11;
				GCC_DYNAMIC_NO_PIC = NO;
				GCC_NO_COMMON_BLOCKS = YES;
				GCC_OPTIMIZATION_LEVEL = 0;
				GCC_PREPROCESSOR_DEFINITIONS = (
					"DEBUG=1",
					"$(inherited)",
				);
				GCC_WARN_64_TO_32_BIT_CONVERSION = YES;
				GCC_WARN_ABOUT_RETURN_TYPE = YES_ERROR;
				GCC_WARN_UNDECLARED_SELECTOR = YES;
				GCC_WARN_UNINITIALIZED_AUTOS = YES_AGGRESSIVE;
				GCC_WARN_UNUSED_FUNCTION = YES;
				GCC_WARN_UNUSED_VARIABLE = YES;
				IPHONEOS_DEPLOYMENT_TARGET = 11.0;
				MTL_ENABLE_DEBUG_INFO = YES;
				ONLY_ACTIVE_ARCH = YES;
				SDKROOT = iphoneos;
			};
			name = Debug;
		};
		4D094E7920401C0F005BB9D0 /* Release */ = {
			isa = XCBuildConfiguration;
			buildSettings = {
				ALWAYS_SEARCH_USER_PATHS = NO;
				CLANG_ANALYZER_NONNULL = YES;
				CLANG_ANALYZER_NUMBER_OBJECT_CONVERSION = YES_AGGRESSIVE;
				CLANG_CXX_LANGUAGE_STANDARD = "gnu++14";
				CLANG_CXX_LIBRARY = "libc++";
				CLANG_ENABLE_MODULES = YES;
				CLANG_ENABLE_OBJC_ARC = YES;
				CLANG_WARN_BLOCK_CAPTURE_AUTORELEASING = YES;
				CLANG_WARN_BOOL_CONVERSION = YES;
				CLANG_WARN_COMMA = YES;
				CLANG_WARN_CONSTANT_CONVERSION = YES;
				CLANG_WARN_DIRECT_OBJC_ISA_USAGE = YES_ERROR;
				CLANG_WARN_DOCUMENTATION_COMMENTS = YES;
				CLANG_WARN_EMPTY_BODY = YES;
				CLANG_WARN_ENUM_CONVERSION = YES;
				CLANG_WARN_INFINITE_RECURSION = YES;
				CLANG_WARN_INT_CONVERSION = YES;
				CLANG_WARN_NON_LITERAL_NULL_CONVERSION = YES;
				CLANG_WARN_OBJC_LITERAL_CONVERSION = YES;
				CLANG_WARN_OBJC_ROOT_CLASS = YES_ERROR;
				CLANG_WARN_RANGE_LOOP_ANALYSIS = YES;
				CLANG_WARN_STRICT_PROTOTYPES = YES;
				CLANG_WARN_SUSPICIOUS_MOVE = YES;
				CLANG_WARN_UNGUARDED_AVAILABILITY = YES_AGGRESSIVE;
				CLANG_WARN_UNREACHABLE_CODE = YES;
				CLANG_WARN__DUPLICATE_METHOD_MATCH = YES;
				CODE_SIGN_IDENTITY = "iPhone Developer";
				COPY_PHASE_STRIP = NO;
				DEBUG_INFORMATION_FORMAT = "dwarf-with-dsym";
				ENABLE_NS_ASSERTIONS = NO;
				ENABLE_STRICT_OBJC_MSGSEND = YES;
				GCC_C_LANGUAGE_STANDARD = gnu11;
				GCC_NO_COMMON_BLOCKS = YES;
				GCC_WARN_64_TO_32_BIT_CONVERSION = YES;
				GCC_WARN_ABOUT_RETURN_TYPE = YES_ERROR;
				GCC_WARN_UNDECLARED_SELECTOR = YES;
				GCC_WARN_UNINITIALIZED_AUTOS = YES_AGGRESSIVE;
				GCC_WARN_UNUSED_FUNCTION = YES;
				GCC_WARN_UNUSED_VARIABLE = YES;
				IPHONEOS_DEPLOYMENT_TARGET = 11.0;
				MTL_ENABLE_DEBUG_INFO = NO;
				SDKROOT = iphoneos;
				VALIDATE_PRODUCT = YES;
			};
			name = Release;
		};
		4D094E7B20401C0F005BB9D0 /* Debug */ = {
			isa = XCBuildConfiguration;
			buildSettings = {
				ASSETCATALOG_COMPILER_APPICON_NAME = AppIcon;
				CODE_SIGN_STYLE = Automatic;
				DEVELOPMENT_TEAM = DUN98ZEQRP;
				INFOPLIST_FILE = PCMHardEncodeToAAC/Info.plist;
				IPHONEOS_DEPLOYMENT_TARGET = 9.2;
				LD_RUNPATH_SEARCH_PATHS = "$(inherited) @executable_path/Frameworks";
				PRODUCT_BUNDLE_IDENTIFIER = com.ibabyblue..PCMHardEncodeToAAC;
				PRODUCT_NAME = "$(TARGET_NAME)";
				TARGETED_DEVICE_FAMILY = "1,2";
			};
			name = Debug;
		};
		4D094E7C20401C0F005BB9D0 /* Release */ = {
			isa = XCBuildConfiguration;
			buildSettings = {
				ASSETCATALOG_COMPILER_APPICON_NAME = AppIcon;
				CODE_SIGN_STYLE = Automatic;
				DEVELOPMENT_TEAM = DUN98ZEQRP;
				INFOPLIST_FILE = PCMHardEncodeToAAC/Info.plist;
				IPHONEOS_DEPLOYMENT_TARGET = 9.2;
				LD_RUNPATH_SEARCH_PATHS = "$(inherited) @executable_path/Frameworks";
				PRODUCT_BUNDLE_IDENTIFIER = com.ibabyblue..PCMHardEncodeToAAC;
				PRODUCT_NAME = "$(TARGET_NAME)";
				TARGETED_DEVICE_FAMILY = "1,2";
			};
			name = Release;
		};
		4D094E7E20401C0F005BB9D0 /* Debug */ = {
			isa = XCBuildConfiguration;
			buildSettings = {
				BUNDLE_LOADER = "$(TEST_HOST)";
				CODE_SIGN_STYLE = Automatic;
				INFOPLIST_FILE = PCMHardEncodeToAACTests/Info.plist;
				LD_RUNPATH_SEARCH_PATHS = "$(inherited) @executable_path/Frameworks @loader_path/Frameworks";
				PRODUCT_BUNDLE_IDENTIFIER = com.ibabyblue..PCMHardEncodeToAACTests;
				PRODUCT_NAME = "$(TARGET_NAME)";
				TARGETED_DEVICE_FAMILY = "1,2";
				TEST_HOST = "$(BUILT_PRODUCTS_DIR)/PCMHardEncodeToAAC.app/PCMHardEncodeToAAC";
			};
			name = Debug;
		};
		4D094E7F20401C0F005BB9D0 /* Release */ = {
			isa = XCBuildConfiguration;
			buildSettings = {
				BUNDLE_LOADER = "$(TEST_HOST)";
				CODE_SIGN_STYLE = Automatic;
				INFOPLIST_FILE = PCMHardEncodeToAACTests/Info.plist;
				LD_RUNPATH_SEARCH_PATHS = "$(inherited) @executable_path/Frameworks @loader_path/Frameworks";
				PRODUCT_BUNDLE_IDENTIFIER = com.ibabyblue..PCMHardEncodeToAACTests;
				PRODUCT_NAME = "$(TARGET_NAME)";
				TARGETED_DEVICE_FAMILY = "1,2";
				TEST_HOST = "$(BUILT_PRODUCTS_DIR)/PCMHardEncodeToAAC.app/PCMHardEncodeToAAC";
			};
			name = Release;
		};
		4D094E8120401C0F005BB9D0 /* Debug */ = {
			isa = XCBuildConfiguration;
			buildSettings = {
				CODE_SIGN_STYLE = Automatic;
				INFOPLIST_FILE = PCMHardEncodeToAACUITests/Info.plist;
				LD_RUNPATH_SEARCH_PATHS = "$(inherited) @executable_path/Frameworks @loader_path/Frameworks";
				PRODUCT_BUNDLE_IDENTIFIER = com.ibabyblue..PCMHardEncodeToAACUITests;
				PRODUCT_NAME = "$(TARGET_NAME)";
				TARGETED_DEVICE_FAMILY = "1,2";
				TEST_TARGET_NAME = PCMHardEncodeToAAC;
			};
			name = Debug;
		};
		4D094E8220401C0F005BB9D0 /* Release */ = {
			isa = XCBuildConfiguration;
			buildSettings = {
				CODE_SIGN_STYLE = Automatic;
				INFOPLIST_FILE = PCMHardEncodeToAACUITests/Info.plist;
				LD_RUNPATH_SEARCH_PATHS = "$(inherited) @executable_path/Frameworks @loader_path/Frameworks";
				PRODUCT_BUNDLE_IDENTIFIER = com.ibabyblue..PCMHardEncodeToAACUITests;
				PRODUCT_NAME = "$(TARGET_NAME)";
				TARGETED_DEVICE_FAMILY = "1,2";
				TEST_TARGET_NAME = PCMHardEncodeToAAC;
			};
			name = Release;
		};
/* End XCBuildConfiguration section */

/* Begin XCConfigurationList section */
		4D094E4920401C0F005BB9D0 /* Build configuration list for PBXProject "PCMHardEncodeToAAC" */ = {
			isa = XCConfigurationList;
			buildConfigurations = (
				4D094E7820401C0F005BB9D0 /* Debug */,
				4D094E7920401C0F005BB9D0 /* Release */,
			);
			defaultConfigurationIsVisible = 0;
			defaultConfigurationName = Release;
		};
		4D094E7A20401C0F005BB9D0 /* Build configuration list for PBXNativeTarget "PCMHardEncodeToAAC" */ = {
			isa = XCConfigurationList;
			buildConfigurations = (
				4D094E7B20401C0F005BB9D0 /* Debug */,
				4D094E7C20401C0F005BB9D0 /* Release */,
			);
			defaultConfigurationIsVisible = 0;
			defaultConfigurationName = Release;
		};
		4D094E7D20401C0F005BB9D0 /* Build configuration list for PBXNativeTarget "PCMHardEncodeToAACTests" */ = {
			isa = XCConfigurationList;
			buildConfigurations = (
				4D094E7E20401C0F005BB9D0 /* Debug */,
				4D094E7F20401C0F005BB9D0 /* Release */,
			);
			defaultConfigurationIsVisible = 0;
			defaultConfigurationName = Release;
		};
		4D094E8020401C0F005BB9D0 /* Build configuration list for PBXNativeTarget "PCMHardEncodeToAACUITests" */ = {
			isa = XCConfigurationList;
			buildConfigurations = (
				4D094E8120401C0F005BB9D0 /* Debug */,
				4D094E8220401C0F005BB9D0 /* Release */,
			);
			defaultConfigurationIsVisible = 0;
			defaultConfigurationName = Release;
		};
/* End XCConfigurationList section */
	};
	rootObject = 4D094E4620401C0F005BB9D0 /* Project object */;
}
